
Microsoft Visual Studio Solution File, Format Version 12.00
# Visual Studio 15
VisualStudioVersion = 15.0.28307.902
MinimumVisualStudioVersion = 10.0.40219.1
Project("{FAE04EC0-301F-11D3-BF4B-00C04F79EFBC}") = "DemoOfLabelRenderer.Android", "DemoOfLabelRenderer\DemoOfLabelRenderer.Android\DemoOfLabelRenderer.Android.csproj", "{58265B26-9048-4B9D-8530-1EC894B4F9E7}"
EndProject
Project("{FAE04EC0-301F-11D3-BF4B-00C04F79EFBC}") = "DemoOfLabelRenderer.iOS", "DemoOfLabelRenderer\DemoOfLabelRenderer.iOS\DemoOfLabelRenderer.iOS.csproj", "{798D2FDD-17C9-4513-A26F-26857558CDD7}"
EndProject
Project("{FAE04EC0-301F-11D3-BF4B-00C04F79EFBC}") = "DemoOfLabelRenderer", "DemoOfLabelRenderer\DemoOfLabelRenderer\DemoOfLabelRenderer.csproj", "{A080A42B-1DF6-4846-84A6-12CBBDEDB48B}"
EndProject
Global
	GlobalSection(SolutionConfigurationPlatforms) = preSolution
		Ad-Hoc|Any CPU = Ad-Hoc|Any CPU
		Ad-Hoc|iPhone = Ad-Hoc|iPhone
		Ad-Hoc|iPhoneSimulator = Ad-Hoc|iPhoneSimulator
		AppStore|Any CPU = AppStore|Any CPU
		AppStore|iPhone = AppStore|iPhone
		AppStore|iPhoneSimulator = AppStore|iPhoneSimulator
		Debug|Any CPU = Debug|Any CPU
		Debug|iPhone = Debug|iPhone
		Debug|iPhoneSimulator = Debug|iPhoneSimulator
		Release|Any CPU = Release|Any CPU
		Release|iPhone = Release|iPhone
		Release|iPhoneSimulator = Release|iPhoneSimulator
	EndGlobalSection
	GlobalSection(ProjectConfigurationPlatforms) = postSolution
		{58265B26-9048-4B9D-8530-1EC894B4F9E7}.Ad-Hoc|Any CPU.ActiveCfg = Release|Any CPU
		{58265B26-9048-4B9D-8530-1EC894B4F9E7}.Ad-Hoc|Any CPU.Build.0 = Release|Any CPU
		{58265B26-9048-4B9D-8530-1EC894B4F9E7}.Ad-Hoc|Any CPU.Deploy.0 = Release|Any CPU
		{58265B26-9048-4B9D-8530-1EC894B4F9E7}.Ad-Hoc|iPhone.ActiveCfg = Release|Any CPU
		{58265B26-9048-4B9D-8530-1EC894B4F9E7}.Ad-Hoc|iPhone.Build.0 = Release|Any CPU
		{58265B26-9048-4B9D-8530-1EC894B4F9E7}.Ad-Hoc|iPhone.Deploy.0 = Release|Any CPU
		{58265B26-9048-4B9D-8530-1EC894B4F9E7}.Ad-Hoc|iPhoneSimulator.ActiveCfg = Release|Any CPU
		{58265B26-9048-4B9D-8530-1EC894B4F9E7}.Ad-Hoc|iPhoneSimulator.Build.0 = Release|Any CPU
		{58265B26-9048-4B9D-8530-1EC894B4F9E7}.Ad-Hoc|iPhoneSimulator.Deploy.0 = Release|Any CPU
		{58265B26-9048-4B9D-8530-1EC894B4F9E7}.AppStore|Any CPU.ActiveCfg = Release|Any CPU
		{58265B26-9048-4B9D-8530-1EC894B4F9E7}.AppStore|Any CPU.Build.0 = Release|Any CPU
		{58265B26-9048-4B9D-8530-1EC894B4F9E7}.AppStore|Any CPU.Deploy.0 = Release|Any CPU
		{58265B26-9048-4B9D-8530-1EC894B4F9E7}.AppStore|iPhone.ActiveCfg = Release|Any CPU
		{58265B26-9048-4B9D-8530-1EC894B4F9E7}.AppStore|iPhone.Build.0 = Release|Any CPU
		{58265B26-9048-4B9D-8530-1EC894B4F9E7}.AppStore|iPhone.Deploy.0 = Release|Any CPU
		{58265B26-9048-4B9D-8530-1EC894B4F9E7}.AppStore|iPhoneSimulator.ActiveCfg = Release|Any CPU
		{58265B26-9048-4B9D-8530-1EC894B4F9E7}.AppStore|iPhoneSimulator.Build.0 = Release|Any CPU
		{58265B26-9048-4B9D-8530-1EC894B4F9E7}.AppStore|iPhoneSimulator.Deploy.0 = Release|Any CPU
		{58265B26-9048-4B9D-8530-1EC894B4F9E7}.Debug|Any CPU.ActiveCfg = Debug|Any CPU
		{58265B26-9048-4B9D-8530-1EC894B4F9E7}.Debug|Any CPU.Build.0 = Debug|Any CPU
		{58265B26-9048-4B9D-8530-1EC894B4F9E7}.Debug|Any CPU.Deploy.0 = Debug|Any CPU
		{58265B26-9048-4B9D-8530-1EC894B4F9E7}.Debug|iPhone.ActiveCfg = Debug|Any CPU
		{58265B26-9048-4B9D-8530-1EC894B4F9E7}.Debug|iPhone.Build.0 = Debug|Any CPU
		{58265B26-9048-4B9D-8530-1EC894B4F9E7}.Debug|iPhone.Deploy.0 = Debug|Any CPU
		{58265B26-9048-4B9D-8530-1EC894B4F9E7}.Debug|iPhoneSimulator.ActiveCfg = Debug|Any CPU
		{58265B26-9048-4B9D-8530-1EC894B4F9E7}.Debug|iPhoneSimulator.Build.0 = Debug|Any CPU
		{58265B26-9048-4B9D-8530-1EC894B4F9E7}.Debug|iPhoneSimulator.Deploy.0 = Debug|Any CPU
		{58265B26-9048-4B9D-8530-1EC894B4F9E7}.Release|Any CPU.ActiveCfg = Release|Any CPU
		{58265B26-9048-4B9D-8530-1EC894B4F9E7}.Release|Any CPU.Build.0 = Release|Any CPU
		{58265B26-9048-4B9D-8530-1EC894B4F9E7}.Release|Any CPU.Deploy.0 = Release|Any CPU
		{58265B26-9048-4B9D-8530-1EC894B4F9E7}.Release|iPhone.ActiveCfg = Release|Any CPU
		{58265B26-9048-4B9D-8530-1EC894B4F9E7}.Release|iPhone.Build.0 = Release|Any CPU
		{58265B26-9048-4B9D-8530-1EC894B4F9E7}.Release|iPhone.Deploy.0 = Release|Any CPU
		{58265B26-9048-4B9D-8530-1EC894B4F9E7}.Release|iPhoneSimulator.ActiveCfg = Release|Any CPU
		{58265B26-9048-4B9D-8530-1EC894B4F9E7}.Release|iPhoneSimulator.Build.0 = Release|Any CPU
		{58265B26-9048-4B9D-8530-1EC894B4F9E7}.Release|iPhoneSimulator.Deploy.0 = Release|Any CPU
		{798D2FDD-17C9-4513-A26F-26857558CDD7}.Ad-Hoc|Any CPU.ActiveCfg = Ad-Hoc|iPhone
		{798D2FDD-17C9-4513-A26F-26857558CDD7}.Ad-Hoc|Any CPU.Build.0 = Ad-Hoc|iPhone
		{798D2FDD-17C9-4513-A26F-26857558CDD7}.Ad-Hoc|Any CPU.Deploy.0 = Ad-Hoc|iPhone
		{798D2FDD-17C9-4513-A26F-26857558CDD7}.Ad-Hoc|iPhone.ActiveCfg = Ad-Hoc|iPhone
		{798D2FDD-17C9-4513-A26F-26857558CDD7}.Ad-Hoc|iPhone.Build.0 = Ad-Hoc|iPhone
		{798D2FDD-17C9-4513-A26F-26857558CDD7}.Ad-Hoc|iPhone.Deploy.0 = Ad-Hoc|iPhone
		{798D2FDD-17C9-4513-A26F-26857558CDD7}.Ad-Hoc|iPhoneSimulator.ActiveCfg = Ad-Hoc|iPhoneSimulator
		{798D2FDD-17C9-4513-A26F-26857558CDD7}.Ad-Hoc|iPhoneSimulator.Build.0 = Ad-Hoc|iPhoneSimulator
		{798D2FDD-17C9-4513-A26F-26857558CDD7}.Ad-Hoc|iPhoneSimulator.Deploy.0 = Ad-Hoc|iPhoneSimulator
		{798D2FDD-17C9-4513-A26F-26857558CDD7}.AppStore|Any CPU.ActiveCfg = AppStore|iPhone
		{798D2FDD-17C9-4513-A26F-26857558CDD7}.AppStore|Any CPU.Build.0 = AppStore|iPhone
		{798D2FDD-17C9-4513-A26F-26857558CDD7}.AppStore|Any CPU.Deploy.0 = AppStore|iPhone
		{798D2FDD-17C9-4513-A26F-26857558CDD7}.AppStore|iPhone.ActiveCfg = AppStore|iPhone
		{798D2FDD-17C9-4513-A26F-26857558CDD7}.AppStore|iPhone.Build.0 = AppStore|iPhone
		{798D2FDD-17C9-4513-A26F-26857558CDD7}.AppStore|iPhone.Deploy.0 = AppStore|iPhone
		{798D2FDD-17C9-4513-A26F-26857558CDD7}.AppStore|iPhoneSimulator.ActiveCfg = AppStore|iPhoneSimulator
		{798D2FDD-17C9-4513-A26F-26857558CDD7}.AppStore|iPhoneSimulator.Build.0 = AppStore|iPhoneSimulator
		{798D2FDD-17C9-4513-A26F-26857558CDD7}.AppStore|iPhoneSimulator.Deploy.0 = AppStore|iPhoneSimulator
		{798D2FDD-17C9-4513-A26F-26857558CDD7}.Debug|Any CPU.ActiveCfg = Debug|iPhoneSimulator
		{798D2FDD-17C9-4513-A26F-26857558CDD7}.Debug|Any CPU.Build.0 = Debug|iPhoneSimulator
		{798D2FDD-17C9-4513-A26F-26857558CDD7}.Debug|Any CPU.Deploy.0 = Debug|iPhoneSimulator
		{798D2FDD-17C9-4513-A26F-26857558CDD7}.Debug|iPhone.ActiveCfg = Debug|iPhone
		{798D2FDD-17C9-4513-A26F-26857558CDD7}.Debug|iPhone.Build.0 = Debug|iPhone
		{798D2FDD-17C9-4513-A26F-26857558CDD7}.Debug|iPhone.Deploy.0 = Debug|iPhone
		{798D2FDD-17C9-4513-A26F-26857558CDD7}.Debug|iPhoneSimulator.ActiveCfg = Debug|iPhoneSimulator
		{798D2FDD-17C9-4513-A26F-26857558CDD7}.Debug|iPhoneSimulator.Build.0 = Debug|iPhoneSimulator
		{798D2FDD-17C9-4513-A26F-26857558CDD7}.Debug|iPhoneSimulator.Deploy.0 = Debug|iPhoneSimulator
		{798D2FDD-17C9-4513-A26F-26857558CDD7}.Release|Any CPU.ActiveCfg = Release|iPhone
		{798D2FDD-17C9-4513-A26F-26857558CDD7}.Release|Any CPU.Build.0 = Release|iPhone
		{798D2FDD-17C9-4513-A26F-26857558CDD7}.Release|Any CPU.Deploy.0 = Release|iPhone
		{798D2FDD-17C9-4513-A26F-26857558CDD7}.Release|iPhone.ActiveCfg = Release|iPhone
		{798D2FDD-17C9-4513-A26F-26857558CDD7}.Release|iPhone.Build.0 = Release|iPhone
		{798D2FDD-17C9-4513-A26F-26857558CDD7}.Release|iPhone.Deploy.0 = Release|iPhone
		{798D2FDD-17C9-4513-A26F-26857558CDD7}.Release|iPhoneSimulator.ActiveCfg = Release|iPhoneSimulator
		{798D2FDD-17C9-4513-A26F-26857558CDD7}.Release|iPhoneSimulator.Build.0 = Release|iPhoneSimulator
		{798D2FDD-17C9-4513-A26F-26857558CDD7}.Release|iPhoneSimulator.Deploy.0 = Release|iPhoneSimulator
		{A080A42B-1DF6-4846-84A6-12CBBDEDB48B}.Ad-Hoc|Any CPU.ActiveCfg = Debug|Any CPU
		{A080A42B-1DF6-4846-84A6-12CBBDEDB48B}.Ad-Hoc|Any CPU.Build.0 = Debug|Any CPU
		{A080A42B-1DF6-4846-84A6-12CBBDEDB48B}.Ad-Hoc|Any CPU.Deploy.0 = Debug|Any CPU
		{A080A42B-1DF6-4846-84A6-12CBBDEDB48B}.Ad-Hoc|iPhone.ActiveCfg = Debug|Any CPU
		{A080A42B-1DF6-4846-84A6-12CBBDEDB48B}.Ad-Hoc|iPhone.Build.0 = Debug|Any CPU
		{A080A42B-1DF6-4846-84A6-12CBBDEDB48B}.Ad-Hoc|iPhone.Deploy.0 = Debug|Any CPU
		{A080A42B-1DF6-4846-84A6-12CBBDEDB48B}.Ad-Hoc|iPhoneSimulator.ActiveCfg = Debug|Any CPU
		{A080A42B-1DF6-4846-84A6-12CBBDEDB48B}.Ad-Hoc|iPhoneSimulator.Build.0 = Debug|Any CPU
		{A080A42B-1DF6-4846-84A6-12CBBDEDB48B}.Ad-Hoc|iPhoneSimulator.Deploy.0 = Debug|Any CPU
		{A080A42B-1DF6-4846-84A6-12CBBDEDB48B}.AppStore|Any CPU.ActiveCfg = Debug|Any CPU
		{A080A42B-1DF6-4846-84A6-12CBBDEDB48B}.AppStore|Any CPU.Build.0 = Debug|Any CPU
		{A080A42B-1DF6-4846-84A6-12CBBDEDB48B}.AppStore|Any CPU.Deploy.0 = Debug|Any CPU
		{A080A42B-1DF6-4846-84A6-12CBBDEDB48B}.AppStore|iPhone.ActiveCfg = Debug|Any CPU
		{A080A42B-1DF6-4846-84A6-12CBBDEDB48B}.AppStore|iPhone.Build.0 = Debug|Any CPU
		{A080A42B-1DF6-4846-84A6-12CBBDEDB48B}.AppStore|iPhone.Deploy.0 = Debug|Any CPU
		{A080A42B-1DF6-4846-84A6-12CBBDEDB48B}.AppStore|iPhoneSimulator.ActiveCfg = Debug|Any CPU
		{A080A42B-1DF6-4846-84A6-12CBBDEDB48B}.AppStore|iPhoneSimulator.Build.0 = Debug|Any CPU
		{A080A42B-1DF6-4846-84A6-12CBBDEDB48B}.AppStore|iPhoneSimulator.Deploy.0 = Debug|Any CPU
		{A080A42B-1DF6-4846-84A6-12CBBDEDB48B}.Debug|Any CPU.ActiveCfg = Debug|Any CPU
		{A080A42B-1DF6-4846-84A6-12CBBDEDB48B}.Debug|Any CPU.Build.0 = Debug|Any CPU
		{A080A42B-1DF6-4846-84A6-12CBBDEDB48B}.Debug|Any CPU.Deploy.0 = Debug|Any CPU
		{A080A42B-1DF6-4846-84A6-12CBBDEDB48B}.Debug|iPhone.ActiveCfg = Debug|Any CPU
		{A080A42B-1DF6-4846-84A6-12CBBDEDB48B}.Debug|iPhone.Build.0 = Debug|Any CPU
		{A080A42B-1DF6-4846-84A6-12CBBDEDB48B}.Debug|iPhone.Deploy.0 = Debug|Any CPU
		{A080A42B-1DF6-4846-84A6-12CBBDEDB48B}.Debug|iPhoneSimulator.ActiveCfg = Debug|Any CPU
		{A080A42B-1DF6-4846-84A6-12CBBDEDB48B}.Debug|iPhoneSimulator.Build.0 = Debug|Any CPU
		{A080A42B-1DF6-4846-84A6-12CBBDEDB48B}.Debug|iPhoneSimulator.Deploy.0 = Debug|Any CPU
		{A080A42B-1DF6-4846-84A6-12CBBDEDB48B}.Release|Any CPU.ActiveCfg = Release|Any CPU
		{A080A42B-1DF6-4846-84A6-12CBBDEDB48B}.Release|Any CPU.Build.0 = Release|Any CPU
		{A080A42B-1DF6-4846-84A6-12CBBDEDB48B}.Release|Any CPU.Deploy.0 = Release|Any CPU
		{A080A42B-1DF6-4846-84A6-12CBBDEDB48B}.Release|iPhone.ActiveCfg = Release|Any CPU
		{A080A42B-1DF6-4846-84A6-12CBBDEDB48B}.Release|iPhone.Build.0 = Release|Any CPU
		{A080A42B-1DF6-4846-84A6-12CBBDEDB48B}.Release|iPhone.Deploy.0 = Release|Any CPU
		{A080A42B-1DF6-4846-84A6-12CBBDEDB48B}.Release|iPhoneSimulator.ActiveCfg = Release|Any CPU
		{A080A42B-1DF6-4846-84A6-12CBBDEDB48B}.Release|iPhoneSimulator.Build.0 = Release|Any CPU
		{A080A42B-1DF6-4846-84A6-12CBBDEDB48B}.Release|iPhoneSimulator.Deploy.0 = Release|Any CPU
	EndGlobalSection
	GlobalSection(SolutionProperties) = preSolution
		HideSolutionNode = FALSE
	EndGlobalSection
	GlobalSection(ExtensibilityGlobals) = postSolution
		SolutionGuid = {C3DB2860-1036-486A-95B6-CF7D419C3536}
	EndGlobalSection
EndGlobal
